
Microsoft Visual Studio Solution File, Format Version 12.00
# Visual Studio Version 16
VisualStudioVersion = 16.0.30104.148
MinimumVisualStudioVersion = 10.0.40219.1
Project("{FAE04EC0-301F-11D3-BF4B-00C04F79EFBC}") = "BooksDatabase", "BooksDatabase\BooksDatabase.csproj", "{8F53E2F0-E95D-40ED-80D4-729E4FA6E35D}"
EndProject
Global
	GlobalSection(SolutionConfigurationPlatforms) = preSolution
		Debug|Any CPU = Debug|Any CPU
		Release|Any CPU = Release|Any CPU
	EndGlobalSection
	GlobalSection(ProjectConfigurationPlatforms) = postSolution
		{8F53E2F0-E95D-40ED-80D4-729E4FA6E35D}.Debug|Any CPU.ActiveCfg = Debug|Any CPU
		{8F53E2F0-E95D-40ED-80D4-729E4FA6E35D}.Debug|Any CPU.Build.0 = Debug|Any CPU
		{8F53E2F0-E95D-40ED-80D4-729E4FA6E35D}.Release|Any CPU.ActiveCfg = Release|Any CPU
		{8F53E2F0-E95D-40ED-80D4-729E4FA6E35D}.Release|Any CPU.Build.0 = Release|Any CPU
	EndGlobalSection
	GlobalSection(SolutionProperties) = preSolution
		HideSolutionNode = FALSE
	EndGlobalSection
	GlobalSection(ExtensibilityGlobals) = postSolution
		SolutionGuid = {E7918895-FA97-466F-8ADD-ACB13D7C51C7}
	EndGlobalSection
EndGlobal
